--- 
dependencies: 
  rr: 
    group: 
    - :test
    version: ">= 0"
  rspec: 
    group: 
    - :test
    version: ">= 0"
    require: 
    - spec
  watchr: 
    group: 
    - :runtime
    version: ">= 0"
specs: 
- rr: 
    version: 0.10.11
- rspec: 
    version: 1.3.0
- watchr: 
    version: "0.6"
hash: 407b0de4731ad854f5e9b0d5623a21b8af9ecddb
sources: 
- Rubygems: 
    uri: http://rubygems.org
